
Microsoft Visual Studio Solution File, Format Version 12.00
# Visual Studio Version 16
VisualStudioVersion = 16.0.30413.136
MinimumVisualStudioVersion = 10.0.40219.1
Project("{888888A0-9F3D-457C-B088-3A5042F75D52}") = "FitnessCode", "FitnessCode\FitnessCode.pyproj", "{CF49BAF6-F03E-439E-A7C7-6FDFAFF55A23}"
EndProject
Global
	GlobalSection(SolutionConfigurationPlatforms) = preSolution
		Debug|Any CPU = Debug|Any CPU
		Release|Any CPU = Release|Any CPU
	EndGlobalSection
	GlobalSection(ProjectConfigurationPlatforms) = postSolution
		{CF49BAF6-F03E-439E-A7C7-6FDFAFF55A23}.Debug|Any CPU.ActiveCfg = Debug|Any CPU
		{CF49BAF6-F03E-439E-A7C7-6FDFAFF55A23}.Release|Any CPU.ActiveCfg = Release|Any CPU
	EndGlobalSection
	GlobalSection(SolutionProperties) = preSolution
		HideSolutionNode = FALSE
	EndGlobalSection
	GlobalSection(ExtensibilityGlobals) = postSolution
		SolutionGuid = {B14D457B-1231-4B23-9721-6B8DC916347C}
	EndGlobalSection
EndGlobal
